
Microsoft Visual Studio Solution File, Format Version 12.00
# Visual Studio Version 17
VisualStudioVersion = 17.3.32825.248
MinimumVisualStudioVersion = 10.0.40219.1
Project("{FAE04EC0-301F-11D3-BF4B-00C04F79EFBC}") = "Assignment_14sep", "Assignment_14sep\Assignment_14sep.csproj", "{276DC19B-7FD4-489E-8D5C-AF18E91C8A71}"
EndProject
Global
	GlobalSection(SolutionConfigurationPlatforms) = preSolution
		Debug|Any CPU = Debug|Any CPU
		Release|Any CPU = Release|Any CPU
	EndGlobalSection
	GlobalSection(ProjectConfigurationPlatforms) = postSolution
		{276DC19B-7FD4-489E-8D5C-AF18E91C8A71}.Debug|Any CPU.ActiveCfg = Debug|Any CPU
		{276DC19B-7FD4-489E-8D5C-AF18E91C8A71}.Debug|Any CPU.Build.0 = Debug|Any CPU
		{276DC19B-7FD4-489E-8D5C-AF18E91C8A71}.Release|Any CPU.ActiveCfg = Release|Any CPU
		{276DC19B-7FD4-489E-8D5C-AF18E91C8A71}.Release|Any CPU.Build.0 = Release|Any CPU
	EndGlobalSection
	GlobalSection(SolutionProperties) = preSolution
		HideSolutionNode = FALSE
	EndGlobalSection
	GlobalSection(ExtensibilityGlobals) = postSolution
		SolutionGuid = {CC85B560-0486-4445-B9EC-7F14147F1900}
	EndGlobalSection
EndGlobal
